{
  "name": "tiled_training",
  "version": "1.0.0",
  "lockfileVersion": 2,
  "requires": true,
  "packages": {
    "": {
      "version": "1.0.0",
      "license": "ISC",
      "devDependencies": {
        "@mapeditor/tiled-api": "^1.8.1"
      }
    },
    "node_modules/@mapeditor/tiled-api": {
      "version": "1.8.1",
      "resolved": "https://registry.npmjs.org/@mapeditor/tiled-api/-/tiled-api-1.8.1.tgz",
      "integrity": "sha512-0582BGMkOhDAkiDxZFwTTi/QzUNPfnae9DSgBdVF7BH1b5AG+hVyfxQCePswWd52RdzlW8zQ5HR4+PqNveYXVg==",
      "dev": true
    }
  },
  "dependencies": {
    "@mapeditor/tiled-api": {
      "version": "1.8.1",
      "resolved": "https://registry.npmjs.org/@mapeditor/tiled-api/-/tiled-api-1.8.1.tgz",
      "integrity": "sha512-0582BGMkOhDAkiDxZFwTTi/QzUNPfnae9DSgBdVF7BH1b5AG+hVyfxQCePswWd52RdzlW8zQ5HR4+PqNveYXVg==",
      "dev": true
    }
  }
}
