{
  "nodes": {
    "nixpkgs": {
      "locked": {
        "lastModified": 1749857119,
        "narHash": "sha256-tG5xUn3hFaPpAHYIvr2F88b+ovcIO5k1HqajFy7ZFPM=",
        "owner": "NixOS",
        "repo": "nixpkgs",
        "rev": "5f4f306bea96741f1588ea4f450b2a2e29f42b98",
        "type": "github"
      },
      "original": {
        "id": "nixpkgs",
        "ref": "nixos-25.05",
        "type": "indirect"
      }
    },
    "root": {
      "inputs": {
        "nixpkgs": "nixpkgs"
      }
    }
  },
  "root": "root",
  "version": 7
}
