
Microsoft Visual Studio Solution File, Format Version 12.00
# Visual Studio Version 16
VisualStudioVersion = 16.0.29806.167
MinimumVisualStudioVersion = 10.0.40219.1
Project("{8BC9CEB8-8B4A-11D0-8D11-00A0C91BC942}") = "EnterpriseSoftware2", "EnterpriseSoftware2\EnterpriseSoftware2.vcxproj", "{7AB8295F-DB05-47E1-B6C2-A6F5FCD4203C}"
EndProject
Global
	GlobalSection(SolutionConfigurationPlatforms) = preSolution
		Debug|Any CPU = Debug|Any CPU
		Debug|x64 = Debug|x64
		Debug|x86 = Debug|x86
		Release|Any CPU = Release|Any CPU
		Release|x64 = Release|x64
		Release|x86 = Release|x86
	EndGlobalSection
	GlobalSection(ProjectConfigurationPlatforms) = postSolution
		{7AB8295F-DB05-47E1-B6C2-A6F5FCD4203C}.Debug|Any CPU.ActiveCfg = Debug|Win32
		{7AB8295F-DB05-47E1-B6C2-A6F5FCD4203C}.Debug|x64.ActiveCfg = Debug|x64
		{7AB8295F-DB05-47E1-B6C2-A6F5FCD4203C}.Debug|x64.Build.0 = Debug|x64
		{7AB8295F-DB05-47E1-B6C2-A6F5FCD4203C}.Debug|x86.ActiveCfg = Debug|Win32
		{7AB8295F-DB05-47E1-B6C2-A6F5FCD4203C}.Debug|x86.Build.0 = Debug|Win32
		{7AB8295F-DB05-47E1-B6C2-A6F5FCD4203C}.Release|Any CPU.ActiveCfg = Release|Win32
		{7AB8295F-DB05-47E1-B6C2-A6F5FCD4203C}.Release|x64.ActiveCfg = Release|x64
		{7AB8295F-DB05-47E1-B6C2-A6F5FCD4203C}.Release|x64.Build.0 = Release|x64
		{7AB8295F-DB05-47E1-B6C2-A6F5FCD4203C}.Release|x86.ActiveCfg = Release|Win32
		{7AB8295F-DB05-47E1-B6C2-A6F5FCD4203C}.Release|x86.Build.0 = Release|Win32
	EndGlobalSection
	GlobalSection(SolutionProperties) = preSolution
		HideSolutionNode = FALSE
	EndGlobalSection
	GlobalSection(ExtensibilityGlobals) = postSolution
		SolutionGuid = {FB1DEFE5-28C3-4A8B-88B4-6C6DE3A33FEA}
	EndGlobalSection
EndGlobal
