Microsoft Visual Studio Solution File, Format Version 12.00
# Visual Studio Version 17
# Copyright 2025 Google LLC
#
# Licensed under the Apache License, Version 2.0 (the "License");
# you may not use this file except in compliance with the License.
# You may obtain a copy of the License at
#
#     https://www.apache.org/licenses/LICENSE-2.0
#
# Unless required by applicable law or agreed to in writing, software
# distributed under the License is distributed on an "AS IS" BASIS,
# WITHOUT WARRANTIES OR CONDITIONS OF ANY KIND, either express or implied.
# See the License for the specific language governing permissions and
# limitations under the License.
VisualStudioVersion = 17.5.2.0
MinimumVisualStudioVersion = 10.0.40219.1
Project("{FAE04EC0-301F-11D3-BF4B-00C04F79EFBC}") = "challenge", "challenge.csproj", "{0594897C-8744-8BDF-D335-5C090EB67BBD}"
EndProject
Global
	GlobalSection(SolutionConfigurationPlatforms) = preSolution
		Debug|Any CPU = Debug|Any CPU
		Release|Any CPU = Release|Any CPU
	EndGlobalSection
	GlobalSection(ProjectConfigurationPlatforms) = postSolution
		{0594897C-8744-8BDF-D335-5C090EB67BBD}.Debug|Any CPU.ActiveCfg = Debug|Any CPU
		{0594897C-8744-8BDF-D335-5C090EB67BBD}.Debug|Any CPU.Build.0 = Debug|Any CPU
		{0594897C-8744-8BDF-D335-5C090EB67BBD}.Release|Any CPU.ActiveCfg = Release|Any CPU
		{0594897C-8744-8BDF-D335-5C090EB67BBD}.Release|Any CPU.Build.0 = Release|Any CPU
	EndGlobalSection
	GlobalSection(SolutionProperties) = preSolution
		HideSolutionNode = FALSE
	EndGlobalSection
	GlobalSection(ExtensibilityGlobals) = postSolution
		SolutionGuid = {E941CC90-ACD0-4BA8-882F-246BFEC2ECE6}
	EndGlobalSection
EndGlobal
